# This file is automatically @generated by Wally.
# It is not intended for manual editing.
registry = "test"

[[package]]
name = "ffrostflame/bridgenet"
version = "2.0.0-rc4"
dependencies = []

[[package]]
name = "sinlerdev/delver"
version = "0.1.0"
dependencies = [["BridgeNet", "ffrostflame/bridgenet@2.0.0-rc4"]]
